<Solution>
  <Project Path="TicketsPlease.Domain/TicketsPlease.Domain.csproj" />
  <Project Path="../tests/TicketsPlease.ArchitectureTests/TicketsPlease.ArchitectureTests.csproj" />
  <Project Path="../tests/TicketsPlease.IntegrationTests/TicketsPlease.IntegrationTests.csproj" />
  <Project Path="TicketsPlease.Application/TicketsPlease.Application.csproj" />
  <Project Path="TicketsPlease.Infrastructure/TicketsPlease.Infrastructure.csproj" />
  <Project Path="TicketsPlease.Web/TicketsPlease.Web.csproj" />
</Solution>
